{
  "nodes": {
    "apple-silicon": {
      "inputs": {
        "flake-compat": "flake-compat",
        "nixpkgs": "nixpkgs",
        "rust-overlay": "rust-overlay"
      },
      "locked": {
        "lastModified": 1705557527,
        "narHash": "sha256-DuxxHTQ/W5KToFLWG4FUF8hLldNo9eXlbt7JgvhrMnY=",
        "owner": "tpwrules",
        "repo": "nixos-apple-silicon",
        "rev": "6e324ab06cb27a19409ebc1dc2664bf1e585490a",
        "type": "github"
      },
      "original": {
        "owner": "tpwrules",
        "repo": "nixos-apple-silicon",
        "type": "github"
      }
    },
    "cmake-tools": {
      "flake": false,
      "locked": {
        "lastModified": 1705018081,
        "narHash": "sha256-19dp+bY+0j5wXNMcVFE/QPCNQEVVyxqrdZlLy/DyDGI=",
        "owner": "Civitasv",
        "repo": "cmake-tools.nvim",
        "rev": "c59ac826f6dc2644ae82d0ede0aab65685d85ade",
        "type": "github"
      },
      "original": {
        "owner": "Civitasv",
        "repo": "cmake-tools.nvim",
        "type": "github"
      }
    },
    "cspell": {
      "flake": false,
      "locked": {
        "lastModified": 1704348491,
        "narHash": "sha256-J9Df2TUqVi90t7tQKJrSb5OizLqcS5mxGdD2e3UHBts=",
        "owner": "davidmh",
        "repo": "cspell.nvim",
        "rev": "5112e55c70c5fac191d8a0ad2be5a131d19f9b4a",
        "type": "github"
      },
      "original": {
        "owner": "davidmh",
        "repo": "cspell.nvim",
        "type": "github"
      }
    },
    "darwin": {
      "inputs": {
        "nixpkgs": [
          "nixpkgs"
        ]
      },
      "locked": {
        "lastModified": 1706833576,
        "narHash": "sha256-w7BL0EWRts+nD1lbLECIuz6fRzmmV+z8oWwoY7womR0=",
        "owner": "LnL7",
        "repo": "nix-darwin",
        "rev": "bdbae6ecff8fcc322bf6b9053c0b984912378af7",
        "type": "github"
      },
      "original": {
        "owner": "LnL7",
        "repo": "nix-darwin",
        "type": "github"
      }
    },
    "dwl-minego-customized": {
      "inputs": {
        "flake-utils": "flake-utils",
        "nixpkgs": [
          "nixpkgs"
        ],
        "sxmo_swaylock": "sxmo_swaylock",
        "systems": "systems",
        "wlr-dpms": "wlr-dpms",
        "wvkbd-minego": "wvkbd-minego"
      },
      "locked": {
        "lastModified": 1707520766,
        "narHash": "sha256-/XVSHKt38rfs+XAhqZTmjBrfGS2uNZuL7rH7ao3hPSw=",
        "owner": "minego",
        "repo": "dwl",
        "rev": "cd82092cc2fab6d5c062379244dc3a1df987a681",
        "type": "github"
      },
      "original": {
        "owner": "minego",
        "ref": "main",
        "repo": "dwl",
        "type": "github"
      }
    },
    "flake-compat": {
      "locked": {
        "lastModified": 1688025799,
        "narHash": "sha256-ktpB4dRtnksm9F5WawoIkEneh1nrEvuxb5lJFt1iOyw=",
        "owner": "nix-community",
        "repo": "flake-compat",
        "rev": "8bf105319d44f6b9f0d764efa4fdef9f1cc9ba1c",
        "type": "github"
      },
      "original": {
        "owner": "nix-community",
        "repo": "flake-compat",
        "type": "github"
      }
    },
    "flake-compat_2": {
      "flake": false,
      "locked": {
        "lastModified": 1673956053,
        "narHash": "sha256-4gtG9iQuiKITOjNQQeQIpoIB6b16fm+504Ch3sNKLd8=",
        "owner": "edolstra",
        "repo": "flake-compat",
        "rev": "35bb57c0c8d8b62bbfd284272c928ceb64ddbde9",
        "type": "github"
      },
      "original": {
        "owner": "edolstra",
        "repo": "flake-compat",
        "type": "github"
      }
    },
    "flake-parts": {
      "inputs": {
        "nixpkgs-lib": [
          "neovim-minego",
          "nixvim",
          "nixpkgs"
        ]
      },
      "locked": {
        "lastModified": 1704152458,
        "narHash": "sha256-DS+dGw7SKygIWf9w4eNBUZsK+4Ug27NwEWmn2tnbycg=",
        "owner": "hercules-ci",
        "repo": "flake-parts",
        "rev": "88a2cd8166694ba0b6cb374700799cec53aef527",
        "type": "github"
      },
      "original": {
        "owner": "hercules-ci",
        "repo": "flake-parts",
        "type": "github"
      }
    },
    "flake-parts_2": {
      "inputs": {
        "nixpkgs-lib": "nixpkgs-lib"
      },
      "locked": {
        "lastModified": 1701473968,
        "narHash": "sha256-YcVE5emp1qQ8ieHUnxt1wCZCC3ZfAS+SRRWZ2TMda7E=",
        "owner": "hercules-ci",
        "repo": "flake-parts",
        "rev": "34fed993f1674c8d06d58b37ce1e0fe5eebcb9f5",
        "type": "github"
      },
      "original": {
        "owner": "hercules-ci",
        "repo": "flake-parts",
        "type": "github"
      }
    },
    "flake-parts_3": {
      "inputs": {
        "nixpkgs-lib": [
          "nixtheplanet",
          "hercules-ci-effects",
          "nixpkgs"
        ]
      },
      "locked": {
        "lastModified": 1696343447,
        "narHash": "sha256-B2xAZKLkkeRFG5XcHHSXXcP7To9Xzr59KXeZiRf4vdQ=",
        "owner": "hercules-ci",
        "repo": "flake-parts",
        "rev": "c9afaba3dfa4085dbd2ccb38dfade5141e33d9d4",
        "type": "github"
      },
      "original": {
        "id": "flake-parts",
        "type": "indirect"
      }
    },
    "flake-utils": {
      "inputs": {
        "systems": [
          "dwl-minego-customized",
          "systems"
        ]
      },
      "locked": {
        "lastModified": 1705309234,
        "narHash": "sha256-uNRRNRKmJyCRC/8y1RqBkqWBLM034y4qN7EprSdmgyA=",
        "owner": "numtide",
        "repo": "flake-utils",
        "rev": "1ef2e671c3b0c19053962c07dbda38332dcebf26",
        "type": "github"
      },
      "original": {
        "owner": "numtide",
        "repo": "flake-utils",
        "type": "github"
      }
    },
    "flake-utils_2": {
      "inputs": {
        "systems": [
          "dwl-minego-customized",
          "wlr-dpms",
          "systems"
        ]
      },
      "locked": {
        "lastModified": 1705309234,
        "narHash": "sha256-uNRRNRKmJyCRC/8y1RqBkqWBLM034y4qN7EprSdmgyA=",
        "owner": "numtide",
        "repo": "flake-utils",
        "rev": "1ef2e671c3b0c19053962c07dbda38332dcebf26",
        "type": "github"
      },
      "original": {
        "owner": "numtide",
        "repo": "flake-utils",
        "type": "github"
      }
    },
    "flake-utils_3": {
      "inputs": {
        "systems": [
          "dwl-minego-customized",
          "wvkbd-minego",
          "systems"
        ]
      },
      "locked": {
        "lastModified": 1705309234,
        "narHash": "sha256-uNRRNRKmJyCRC/8y1RqBkqWBLM034y4qN7EprSdmgyA=",
        "owner": "numtide",
        "repo": "flake-utils",
        "rev": "1ef2e671c3b0c19053962c07dbda38332dcebf26",
        "type": "github"
      },
      "original": {
        "owner": "numtide",
        "repo": "flake-utils",
        "type": "github"
      }
    },
    "flake-utils_4": {
      "inputs": {
        "systems": "systems_4"
      },
      "locked": {
        "lastModified": 1701680307,
        "narHash": "sha256-kAuep2h5ajznlPMD9rnQyffWG8EM/C73lejGofXvdM8=",
        "owner": "numtide",
        "repo": "flake-utils",
        "rev": "4022d587cbbfd70fe950c1e2083a02621806a725",
        "type": "github"
      },
      "original": {
        "owner": "numtide",
        "repo": "flake-utils",
        "type": "github"
      }
    },
    "flake-utils_5": {
      "inputs": {
        "systems": "systems_5"
      },
      "locked": {
        "lastModified": 1685518550,
        "narHash": "sha256-o2d0KcvaXzTrPRIo0kOLV0/QXHhDQ5DTi+OxcjO8xqY=",
        "owner": "numtide",
        "repo": "flake-utils",
        "rev": "a1720a10a6cfe8234c0e93907ffe81be440f4cef",
        "type": "github"
      },
      "original": {
        "owner": "numtide",
        "repo": "flake-utils",
        "type": "github"
      }
    },
    "flatten": {
      "flake": false,
      "locked": {
        "lastModified": 1702101622,
        "narHash": "sha256-ftUgDtorLTt/Gr8xS8vbYQwC7VxOE1jUaOfhq5q1Iac=",
        "owner": "willothy",
        "repo": "flatten.nvim",
        "rev": "c78c5200899d2afd171d9d2bf09e139e3710eeb6",
        "type": "github"
      },
      "original": {
        "owner": "willothy",
        "repo": "flatten.nvim",
        "type": "github"
      }
    },
    "fugitive-gitlab": {
      "flake": false,
      "locked": {
        "lastModified": 1684751584,
        "narHash": "sha256-wOBbFaEQ8PYMUHb8T+nU7WbbY6OlBacvidxGGO2aL3g=",
        "owner": "shumphrey",
        "repo": "fugitive-gitlab.vim",
        "rev": "55fed481c0309b3405dd3d72921d687bf36873a8",
        "type": "github"
      },
      "original": {
        "owner": "shumphrey",
        "repo": "fugitive-gitlab.vim",
        "type": "github"
      }
    },
    "gitignore": {
      "inputs": {
        "nixpkgs": [
          "neovim-minego",
          "nixvim",
          "pre-commit-hooks",
          "nixpkgs"
        ]
      },
      "locked": {
        "lastModified": 1660459072,
        "narHash": "sha256-8DFJjXG8zqoONA1vXtgeKXy68KdJL5UaXR8NtVMUbx8=",
        "owner": "hercules-ci",
        "repo": "gitignore.nix",
        "rev": "a20de23b925fd8264fd7fad6454652e142fd7f73",
        "type": "github"
      },
      "original": {
        "owner": "hercules-ci",
        "repo": "gitignore.nix",
        "type": "github"
      }
    },
    "hercules-ci-effects": {
      "inputs": {
        "flake-parts": "flake-parts_3",
        "nixpkgs": "nixpkgs_4"
      },
      "locked": {
        "lastModified": 1701009247,
        "narHash": "sha256-GuX16rzRze2y7CsewJLTV6qXkXWyEwp6VCZXi8HLruU=",
        "owner": "hercules-ci",
        "repo": "hercules-ci-effects",
        "rev": "31b6cd7569191bfcd0a548575b0e2ef953ed7d09",
        "type": "github"
      },
      "original": {
        "owner": "hercules-ci",
        "repo": "hercules-ci-effects",
        "type": "github"
      }
    },
    "home-manager": {
      "inputs": {
        "nixpkgs": [
          "nixpkgs"
        ]
      },
      "locked": {
        "lastModified": 1707467182,
        "narHash": "sha256-/Bw/xgCXfj4nXDd8Xq+r1kaorfsYkkomMf5w5MpsDyA=",
        "owner": "nix-community",
        "repo": "home-manager",
        "rev": "5b9156fa9a8b8beba917b8f9adbfd27bf63e16af",
        "type": "github"
      },
      "original": {
        "owner": "nix-community",
        "repo": "home-manager",
        "type": "github"
      }
    },
    "home-manager_2": {
      "inputs": {
        "nixpkgs": [
          "neovim-minego",
          "nixvim",
          "nixpkgs"
        ]
      },
      "locked": {
        "lastModified": 1704498488,
        "narHash": "sha256-yINKdShHrtjdiJhov+q0s3Y3B830ujRoSbHduUNyKag=",
        "owner": "nix-community",
        "repo": "home-manager",
        "rev": "51e44a13acea71b36245e8bd8c7db53e0a3e61ee",
        "type": "github"
      },
      "original": {
        "owner": "nix-community",
        "repo": "home-manager",
        "type": "github"
      }
    },
    "jovian-nixos": {
      "inputs": {
        "nix-github-actions": "nix-github-actions",
        "nixpkgs": [
          "nixpkgs"
        ]
      },
      "locked": {
        "lastModified": 1707226874,
        "narHash": "sha256-uo3oGHc/oLbcS6tDlm+Z130tQNRX2ufs9r+kGRTx0Ng=",
        "owner": "Jovian-Experiments",
        "repo": "Jovian-NixOS",
        "rev": "8f355736d9449a6650418f8e70f8dacf652401a7",
        "type": "github"
      },
      "original": {
        "owner": "Jovian-Experiments",
        "repo": "Jovian-NixOS",
        "type": "github"
      }
    },
    "mackeys": {
      "inputs": {
        "nixpkgs": [
          "nixpkgs"
        ]
      },
      "locked": {
        "lastModified": 1703442946,
        "narHash": "sha256-DcrqcDoSRYjr+qY9gd94Jvk/qkdHdeWz5RK0WfMJYyo=",
        "owner": "minego",
        "repo": "mackeys",
        "rev": "6546068682af5fa48ef3f99588e9731867f9b9be",
        "type": "github"
      },
      "original": {
        "owner": "minego",
        "repo": "mackeys",
        "type": "github"
      }
    },
    "mobile-nixos": {
      "flake": false,
      "locked": {
        "lastModified": 1705008488,
        "narHash": "sha256-Gj97fDFZaK6gLb3ayZgTTtD+MFE1YjoyYHWkB1TIAe0=",
        "owner": "NixOS",
        "repo": "mobile-nixos",
        "rev": "56e55df7b07b5e5c6d050732d851cec62b41df95",
        "type": "github"
      },
      "original": {
        "owner": "NixOS",
        "repo": "mobile-nixos",
        "type": "github"
      }
    },
    "neotest": {
      "flake": false,
      "locked": {
        "lastModified": 1704390747,
        "narHash": "sha256-nXbpF1YhbS07Zm4pPxqv3jUfbYTeIx1bHzViY9v5B68=",
        "owner": "nvim-neotest",
        "repo": "neotest",
        "rev": "1ee3fcc150207f33dba8c9b3f478e5a0148d661d",
        "type": "github"
      },
      "original": {
        "owner": "nvim-neotest",
        "repo": "neotest",
        "type": "github"
      }
    },
    "neotest-go": {
      "flake": false,
      "locked": {
        "lastModified": 1701354837,
        "narHash": "sha256-JuLgvrxIlFSFaiC3VJzOOoLqh4haXjY2hXSiMAWcFTY=",
        "owner": "nvim-neotest",
        "repo": "neotest-go",
        "rev": "d29d20d912aca81a07c50022d880cc66f0d26542",
        "type": "github"
      },
      "original": {
        "owner": "nvim-neotest",
        "repo": "neotest-go",
        "type": "github"
      }
    },
    "neovim-minego": {
      "inputs": {
        "cmake-tools": "cmake-tools",
        "cspell": "cspell",
        "flake-utils": "flake-utils_4",
        "flatten": "flatten",
        "fugitive-gitlab": "fugitive-gitlab",
        "neotest": "neotest",
        "neotest-go": "neotest-go",
        "nixpkgs": [
          "nixpkgs"
        ],
        "nixvim": "nixvim",
        "nvim-dap-virtual-text": "nvim-dap-virtual-text",
        "nvim-notify": "nvim-notify",
        "nvim-scope": "nvim-scope",
        "nvim-telescope-dap": "nvim-telescope-dap",
        "nvim-telescope-emoji": "nvim-telescope-emoji",
        "nvim-telescope-tabs": "nvim-telescope-tabs",
        "nvim-web-devicons": "nvim-web-devicons",
        "nvim-xenon": "nvim-xenon"
      },
      "locked": {
        "lastModified": 1705081831,
        "narHash": "sha256-K8d/hcJitCLiJoKYoUE7+IhimVwiztwtiDvznNCuSk8=",
        "owner": "minego",
        "repo": "nixvim",
        "rev": "697dc7f2b43b7bb79ae16149edc00c68038139f5",
        "type": "github"
      },
      "original": {
        "owner": "minego",
        "repo": "nixvim",
        "type": "github"
      }
    },
    "nix-darwin": {
      "inputs": {
        "nixpkgs": [
          "neovim-minego",
          "nixvim",
          "nixpkgs"
        ]
      },
      "locked": {
        "lastModified": 1704277720,
        "narHash": "sha256-meAKNgmh3goankLGWqqpw73pm9IvXjEENJloF0coskE=",
        "owner": "lnl7",
        "repo": "nix-darwin",
        "rev": "0dd382b70c351f528561f71a0a7df82c9d2be9a4",
        "type": "github"
      },
      "original": {
        "owner": "lnl7",
        "repo": "nix-darwin",
        "type": "github"
      }
    },
    "nix-github-actions": {
      "inputs": {
        "nixpkgs": [
          "jovian-nixos",
          "nixpkgs"
        ]
      },
      "locked": {
        "lastModified": 1690328911,
        "narHash": "sha256-fxtExYk+aGf2YbjeWQ8JY9/n9dwuEt+ma1eUFzF8Jeo=",
        "owner": "zhaofengli",
        "repo": "nix-github-actions",
        "rev": "96df4a39c52f53cb7098b923224d8ce941b64747",
        "type": "github"
      },
      "original": {
        "owner": "zhaofengli",
        "ref": "matrix-name",
        "repo": "nix-github-actions",
        "type": "github"
      }
    },
    "nixlib": {
      "locked": {
        "lastModified": 1693701915,
        "narHash": "sha256-waHPLdDYUOHSEtMKKabcKIMhlUOHPOOPQ9UyFeEoovs=",
        "owner": "nix-community",
        "repo": "nixpkgs.lib",
        "rev": "f5af57d3ef9947a70ac86e42695231ac1ad00c25",
        "type": "github"
      },
      "original": {
        "owner": "nix-community",
        "repo": "nixpkgs.lib",
        "type": "github"
      }
    },
    "nixos-generators": {
      "inputs": {
        "nixlib": "nixlib",
        "nixpkgs": [
          "nixpkgs"
        ]
      },
      "locked": {
        "lastModified": 1707405218,
        "narHash": "sha256-ZQ366Oo8WJbCqXAZET7N0Sz6RQ3G2IbqVtxQRSa3SXc=",
        "owner": "nix-community",
        "repo": "nixos-generators",
        "rev": "843e2f04c716092797ffa4ce14c446adce2f09ef",
        "type": "github"
      },
      "original": {
        "owner": "nix-community",
        "repo": "nixos-generators",
        "type": "github"
      }
    },
    "nixpkgs": {
      "locked": {
        "lastModified": 1705316053,
        "narHash": "sha256-J2Ey5mPFT8gdfL2XC0JTZvKaBw/b2pnyudEXFvl+dQM=",
        "owner": "nixos",
        "repo": "nixpkgs",
        "rev": "c3e128f3c0ecc1fb04aef9f72b3dcc2f6cecf370",
        "type": "github"
      },
      "original": {
        "owner": "nixos",
        "repo": "nixpkgs",
        "rev": "c3e128f3c0ecc1fb04aef9f72b3dcc2f6cecf370",
        "type": "github"
      }
    },
    "nixpkgs-firefox-darwin": {
      "inputs": {
        "nixpkgs": [
          "nixpkgs"
        ]
      },
      "locked": {
        "lastModified": 1707439204,
        "narHash": "sha256-3qJJtwdsMnhihkoRWUvhUM18oxaU+2A9PsUwNENowQk=",
        "owner": "bandithedoge",
        "repo": "nixpkgs-firefox-darwin",
        "rev": "82fb60f4cf769b95085e9fb4755be0aa8ee1841d",
        "type": "github"
      },
      "original": {
        "owner": "bandithedoge",
        "repo": "nixpkgs-firefox-darwin",
        "type": "github"
      }
    },
    "nixpkgs-lib": {
      "locked": {
        "dir": "lib",
        "lastModified": 1701253981,
        "narHash": "sha256-ztaDIyZ7HrTAfEEUt9AtTDNoCYxUdSd6NrRHaYOIxtk=",
        "owner": "NixOS",
        "repo": "nixpkgs",
        "rev": "e92039b55bcd58469325ded85d4f58dd5a4eaf58",
        "type": "github"
      },
      "original": {
        "dir": "lib",
        "owner": "NixOS",
        "ref": "nixos-unstable",
        "repo": "nixpkgs",
        "type": "github"
      }
    },
    "nixpkgs-stable": {
      "locked": {
        "lastModified": 1707347730,
        "narHash": "sha256-0etC/exQIaqC9vliKhc3eZE2Mm2wgLa0tj93ZF/egvM=",
        "owner": "nixos",
        "repo": "nixpkgs",
        "rev": "6832d0d99649db3d65a0e15fa51471537b2c56a6",
        "type": "github"
      },
      "original": {
        "owner": "nixos",
        "ref": "nixos-23.11",
        "repo": "nixpkgs",
        "type": "github"
      }
    },
    "nixpkgs_2": {
      "locked": {
        "lastModified": 1704538339,
        "narHash": "sha256-1734d3mQuux9ySvwf6axRWZRBhtcZA9Q8eftD6EZg6U=",
        "owner": "NixOS",
        "repo": "nixpkgs",
        "rev": "46ae0210ce163b3cba6c7da08840c1d63de9c701",
        "type": "github"
      },
      "original": {
        "owner": "NixOS",
        "ref": "nixos-unstable",
        "repo": "nixpkgs",
        "type": "github"
      }
    },
    "nixpkgs_3": {
      "locked": {
        "lastModified": 1707268954,
        "narHash": "sha256-2en1kvde3cJVc3ZnTy8QeD2oKcseLFjYPLKhIGDanQ0=",
        "owner": "NixOS",
        "repo": "nixpkgs",
        "rev": "f8e2ebd66d097614d51a56a755450d4ae1632df1",
        "type": "github"
      },
      "original": {
        "owner": "NixOS",
        "ref": "nixos-unstable",
        "repo": "nixpkgs",
        "type": "github"
      }
    },
    "nixpkgs_4": {
      "locked": {
        "lastModified": 1697723726,
        "narHash": "sha256-SaTWPkI8a5xSHX/rrKzUe+/uVNy6zCGMXgoeMb7T9rg=",
        "owner": "NixOS",
        "repo": "nixpkgs",
        "rev": "7c9cc5a6e5d38010801741ac830a3f8fd667a7a0",
        "type": "github"
      },
      "original": {
        "owner": "NixOS",
        "ref": "nixos-unstable",
        "repo": "nixpkgs",
        "type": "github"
      }
    },
    "nixtheplanet": {
      "inputs": {
        "flake-parts": "flake-parts_2",
        "hercules-ci-effects": "hercules-ci-effects",
        "nixpkgs": [
          "nixpkgs"
        ],
        "osx-kvm": "osx-kvm"
      },
      "locked": {
        "lastModified": 1707322286,
        "narHash": "sha256-wHyDqb4qd0XpNO+nF7LbWX5Rt2/RMObJ1iuBUb1+eYY=",
        "owner": "matthewcroughan",
        "repo": "nixtheplanet",
        "rev": "95a80036bf2e10c4507eeab4bc425d168898090e",
        "type": "github"
      },
      "original": {
        "owner": "matthewcroughan",
        "repo": "nixtheplanet",
        "type": "github"
      }
    },
    "nixvim": {
      "inputs": {
        "flake-parts": "flake-parts",
        "home-manager": "home-manager_2",
        "nix-darwin": "nix-darwin",
        "nixpkgs": "nixpkgs_2",
        "pre-commit-hooks": "pre-commit-hooks"
      },
      "locked": {
        "lastModified": 1704812275,
        "narHash": "sha256-uRe8BdZhuSiupXOxohaVP8LzJtBRG+ETP9PgzR60orI=",
        "owner": "nix-community",
        "repo": "nixvim",
        "rev": "b4ddb322889e2daf41333b4dbca2555da2e8bb7e",
        "type": "github"
      },
      "original": {
        "owner": "nix-community",
        "repo": "nixvim",
        "type": "github"
      }
    },
    "nur": {
      "locked": {
        "lastModified": 1707518652,
        "narHash": "sha256-A5+VO7KRnHosQm1lfIiMKxVFGA0X+9yOT3qIsHBUdRQ=",
        "owner": "nix-community",
        "repo": "NUR",
        "rev": "bef795c8806a21c5f8089f5dee354cb35885a74f",
        "type": "github"
      },
      "original": {
        "owner": "nix-community",
        "repo": "NUR",
        "type": "github"
      }
    },
    "nvim-dap-virtual-text": {
      "flake": false,
      "locked": {
        "lastModified": 1703770915,
        "narHash": "sha256-IJMdDcrfsNfxd4rvLVCD1L2FL7Tzm6dV8c0mtEo98vU=",
        "owner": "theHamsta",
        "repo": "nvim-dap-virtual-text",
        "rev": "d4542ac257d3c7ee4131350db6179ae6340ce40b",
        "type": "github"
      },
      "original": {
        "owner": "theHamsta",
        "repo": "nvim-dap-virtual-text",
        "type": "github"
      }
    },
    "nvim-notify": {
      "flake": false,
      "locked": {
        "lastModified": 1704296895,
        "narHash": "sha256-2+FuMzc8AymAAXo0yxVSNVn09iFbqbEMGW4UeFuFVrM=",
        "owner": "rcarriga",
        "repo": "nvim-notify",
        "rev": "1576123bff3bed67bc673a3076e591abfe5d8ca9",
        "type": "github"
      },
      "original": {
        "owner": "rcarriga",
        "repo": "nvim-notify",
        "type": "github"
      }
    },
    "nvim-scope": {
      "flake": false,
      "locked": {
        "lastModified": 1698592569,
        "narHash": "sha256-z1ytdhxKrLnZG8qMPEe2h+wC9tF4K/x6zplwnIojZuE=",
        "owner": "tiagovla",
        "repo": "scope.nvim",
        "rev": "cd27af77ad61a7199af5c28d27013fb956eb0e3e",
        "type": "github"
      },
      "original": {
        "owner": "tiagovla",
        "repo": "scope.nvim",
        "type": "github"
      }
    },
    "nvim-telescope-dap": {
      "flake": false,
      "locked": {
        "lastModified": 1704749098,
        "narHash": "sha256-P+ioBtupRvB3wcGKm77Tf/51k6tXKxJd176uupeW6v0=",
        "owner": "nvim-telescope",
        "repo": "telescope-dap.nvim",
        "rev": "8c88d9716c91eaef1cdea13cb9390d8ef447dbfe",
        "type": "github"
      },
      "original": {
        "owner": "nvim-telescope",
        "repo": "telescope-dap.nvim",
        "type": "github"
      }
    },
    "nvim-telescope-emoji": {
      "flake": false,
      "locked": {
        "lastModified": 1670503796,
        "narHash": "sha256-8V3MTporANLtZkH0RuLviWlgMmR6fay0WmZ3ZOQzpKI=",
        "owner": "xiyaowong",
        "repo": "telescope-emoji.nvim",
        "rev": "86248d97be84a1ce83f0541500ef9edc99ea2aa1",
        "type": "github"
      },
      "original": {
        "owner": "xiyaowong",
        "repo": "telescope-emoji.nvim",
        "type": "github"
      }
    },
    "nvim-telescope-tabs": {
      "flake": false,
      "locked": {
        "lastModified": 1697978251,
        "narHash": "sha256-pvqWYjREuLqGq0BiXQW//KryETPur181Ps4Tlw2AyaM=",
        "owner": "LukasPietzschmann",
        "repo": "telescope-tabs",
        "rev": "a38c8fee471257a0ff233e065c4a0d123f8e67b0",
        "type": "github"
      },
      "original": {
        "owner": "LukasPietzschmann",
        "repo": "telescope-tabs",
        "type": "github"
      }
    },
    "nvim-web-devicons": {
      "flake": false,
      "locked": {
        "lastModified": 1704505048,
        "narHash": "sha256-xVLj36te9JFoK461RQ/Lwt/UublQVsD4SG0BEIcmkeI=",
        "owner": "kyazdani42",
        "repo": "nvim-web-devicons",
        "rev": "db0c864375c198cacc171ff373e76bfce2a85045",
        "type": "github"
      },
      "original": {
        "owner": "kyazdani42",
        "repo": "nvim-web-devicons",
        "type": "github"
      }
    },
    "nvim-xenon": {
      "flake": false,
      "locked": {
        "lastModified": 1701972979,
        "narHash": "sha256-OwLDq60MKslse5w91RPuOyzfNRh3RX+tX8bkyY/150A=",
        "owner": "minego",
        "repo": "nvim-xenon",
        "rev": "4882ca34545573c8331fc49aa6ed5c6754ec9c69",
        "type": "github"
      },
      "original": {
        "owner": "minego",
        "repo": "nvim-xenon",
        "type": "github"
      }
    },
    "osx-kvm": {
      "flake": false,
      "locked": {
        "lastModified": 1701316418,
        "narHash": "sha256-Sk8LYhFovoMX1ln7DWYArJQphW2a4h8Xg7/ZEZXwZv4=",
        "owner": "kholia",
        "repo": "OSX-KVM",
        "rev": "09daff670a7eb9ff616073df329586c5995623a9",
        "type": "github"
      },
      "original": {
        "owner": "kholia",
        "repo": "OSX-KVM",
        "type": "github"
      }
    },
    "p81": {
      "inputs": {
        "nixpkgs": [
          "nixpkgs"
        ]
      },
      "locked": {
        "lastModified": 1696977269,
        "narHash": "sha256-z/0QV65Ga+RMOtE3ZJyMpy/uHr1DW3gos9I0FqgzjO0=",
        "owner": "devusb",
        "repo": "p81.nix",
        "rev": "cf58b6ef6dc980175f3022070bacfadb6cd84b45",
        "type": "github"
      },
      "original": {
        "owner": "devusb",
        "repo": "p81.nix",
        "type": "github"
      }
    },
    "pre-commit-hooks": {
      "inputs": {
        "flake-compat": "flake-compat_2",
        "flake-utils": "flake-utils_5",
        "gitignore": "gitignore",
        "nixpkgs": [
          "neovim-minego",
          "nixvim",
          "nixpkgs"
        ],
        "nixpkgs-stable": [
          "neovim-minego",
          "nixvim",
          "nixpkgs"
        ]
      },
      "locked": {
        "lastModified": 1704668415,
        "narHash": "sha256-BMzNHFod53iiU4lkR5WHwqQCFmaCLq85sUCskXneXlA=",
        "owner": "cachix",
        "repo": "pre-commit-hooks.nix",
        "rev": "44493e2b3c3ebcd39a9947e9ed9f2c2af164ec4c",
        "type": "github"
      },
      "original": {
        "owner": "cachix",
        "repo": "pre-commit-hooks.nix",
        "type": "github"
      }
    },
    "root": {
      "inputs": {
        "apple-silicon": "apple-silicon",
        "darwin": "darwin",
        "dwl-minego-customized": "dwl-minego-customized",
        "home-manager": "home-manager",
        "jovian-nixos": "jovian-nixos",
        "mackeys": "mackeys",
        "mobile-nixos": "mobile-nixos",
        "neovim-minego": "neovim-minego",
        "nixos-generators": "nixos-generators",
        "nixpkgs": "nixpkgs_3",
        "nixpkgs-firefox-darwin": "nixpkgs-firefox-darwin",
        "nixpkgs-stable": "nixpkgs-stable",
        "nixtheplanet": "nixtheplanet",
        "nur": "nur",
        "p81": "p81",
        "swapmods": "swapmods",
        "sxmo-nix": "sxmo-nix",
        "zsh-vi-mode": "zsh-vi-mode"
      }
    },
    "rust-overlay": {
      "flake": false,
      "locked": {
        "lastModified": 1686795910,
        "narHash": "sha256-jDa40qRZ0GRQtP9EMZdf+uCbvzuLnJglTUI2JoHfWDc=",
        "owner": "oxalica",
        "repo": "rust-overlay",
        "rev": "5c2b97c0a9bc5217fc3dfb1555aae0fb756d99f9",
        "type": "github"
      },
      "original": {
        "owner": "oxalica",
        "repo": "rust-overlay",
        "type": "github"
      }
    },
    "swapmods": {
      "inputs": {
        "nixpkgs": [
          "nixpkgs"
        ]
      },
      "locked": {
        "lastModified": 1701559365,
        "narHash": "sha256-xleUPsFq7GWOBgTz6yhZVZxm0NSEpPu9fPce9fxifag=",
        "owner": "minego",
        "repo": "swapmods",
        "rev": "5e36b6f6f1f8c5d5f844408a2b658900c1628d79",
        "type": "github"
      },
      "original": {
        "owner": "minego",
        "repo": "swapmods",
        "type": "github"
      }
    },
    "sxmo-nix": {
      "flake": false,
      "locked": {
        "lastModified": 1683462840,
        "narHash": "sha256-bJOs0vA8fuzPje/Thvb8dhhZ3mjs4zmual3qDjWiW+Q=",
        "owner": "chuangzhu",
        "repo": "nixpkgs-sxmo",
        "rev": "8f45ee920657a62d6b7c0d8a1741c5fe0f416ded",
        "type": "github"
      },
      "original": {
        "owner": "chuangzhu",
        "repo": "nixpkgs-sxmo",
        "type": "github"
      }
    },
    "sxmo_swaylock": {
      "flake": false,
      "locked": {
        "lastModified": 1682545105,
        "narHash": "sha256-vs0VHO1QBstwLXyLJ/6SSypQmh2DyFJZd40+73JsIaQ=",
        "owner": "KaffeinatedKat",
        "repo": "sxmo_swaylock",
        "rev": "63619c857d9fb5f8976f0380c6670123a4028211",
        "type": "github"
      },
      "original": {
        "owner": "KaffeinatedKat",
        "repo": "sxmo_swaylock",
        "type": "github"
      }
    },
    "systems": {
      "locked": {
        "lastModified": 1689347949,
        "narHash": "sha256-12tWmuL2zgBgZkdoB6qXZsgJEH9LR3oUgpaQq2RbI80=",
        "owner": "nix-systems",
        "repo": "default-linux",
        "rev": "31732fcf5e8fea42e59c2488ad31a0e651500f68",
        "type": "github"
      },
      "original": {
        "owner": "nix-systems",
        "repo": "default-linux",
        "type": "github"
      }
    },
    "systems_2": {
      "locked": {
        "lastModified": 1689347949,
        "narHash": "sha256-12tWmuL2zgBgZkdoB6qXZsgJEH9LR3oUgpaQq2RbI80=",
        "owner": "nix-systems",
        "repo": "default-linux",
        "rev": "31732fcf5e8fea42e59c2488ad31a0e651500f68",
        "type": "github"
      },
      "original": {
        "owner": "nix-systems",
        "repo": "default-linux",
        "type": "github"
      }
    },
    "systems_3": {
      "locked": {
        "lastModified": 1689347949,
        "narHash": "sha256-12tWmuL2zgBgZkdoB6qXZsgJEH9LR3oUgpaQq2RbI80=",
        "owner": "nix-systems",
        "repo": "default-linux",
        "rev": "31732fcf5e8fea42e59c2488ad31a0e651500f68",
        "type": "github"
      },
      "original": {
        "owner": "nix-systems",
        "repo": "default-linux",
        "type": "github"
      }
    },
    "systems_4": {
      "locked": {
        "lastModified": 1681028828,
        "narHash": "sha256-Vy1rq5AaRuLzOxct8nz4T6wlgyUR7zLU309k9mBC768=",
        "owner": "nix-systems",
        "repo": "default",
        "rev": "da67096a3b9bf56a91d16901293e51ba5b49a27e",
        "type": "github"
      },
      "original": {
        "owner": "nix-systems",
        "repo": "default",
        "type": "github"
      }
    },
    "systems_5": {
      "locked": {
        "lastModified": 1681028828,
        "narHash": "sha256-Vy1rq5AaRuLzOxct8nz4T6wlgyUR7zLU309k9mBC768=",
        "owner": "nix-systems",
        "repo": "default",
        "rev": "da67096a3b9bf56a91d16901293e51ba5b49a27e",
        "type": "github"
      },
      "original": {
        "owner": "nix-systems",
        "repo": "default",
        "type": "github"
      }
    },
    "wlr-dpms": {
      "inputs": {
        "flake-utils": "flake-utils_2",
        "nixpkgs": [
          "dwl-minego-customized",
          "nixpkgs"
        ],
        "systems": "systems_2"
      },
      "locked": {
        "lastModified": 1706637316,
        "narHash": "sha256-NVuav6tH9G6DU5NUC3UVIuqurn/dAXGboAJnoy5KtBU=",
        "owner": "minego",
        "repo": "wlr-dpms.nix",
        "rev": "ea7fad3b4774c9611030532c25dcfa75d494fb15",
        "type": "github"
      },
      "original": {
        "owner": "minego",
        "ref": "main",
        "repo": "wlr-dpms.nix",
        "type": "github"
      }
    },
    "wvkbd-minego": {
      "inputs": {
        "flake-utils": "flake-utils_3",
        "nixpkgs": [
          "dwl-minego-customized",
          "nixpkgs"
        ],
        "systems": "systems_3"
      },
      "locked": {
        "lastModified": 1707408226,
        "narHash": "sha256-vd8MItmpYBJWmcG5J/yVeLIFZj9fGTe3Pw14/RnDTAk=",
        "owner": "minego",
        "repo": "wvkbd",
        "rev": "060b1229f198ff6d8e1ac020703b0efa6638808c",
        "type": "github"
      },
      "original": {
        "owner": "minego",
        "ref": "master",
        "repo": "wvkbd",
        "type": "github"
      }
    },
    "zsh-vi-mode": {
      "flake": false,
      "locked": {
        "lastModified": 1699262975,
        "narHash": "sha256-xbchXJTFWeABTwq6h4KWLh+EvydDrDzcY9AQVK65RS8=",
        "owner": "jeffreytse",
        "repo": "zsh-vi-mode",
        "rev": "ea1f58ab9b1f3eac50e2cde3e3bc612049ef683b",
        "type": "github"
      },
      "original": {
        "owner": "jeffreytse",
        "repo": "zsh-vi-mode",
        "type": "github"
      }
    }
  },
  "root": "root",
  "version": 7
}
