{
  "nodes": {
    "dwl-source": {
      "flake": false,
      "locked": {
        "lastModified": 1700246543,
        "narHash": "sha256-EPQFOsPDpbSJFizGenDTNTE9qY3JjcsEHlfGMId1d4Q=",
        "owner": "minego",
        "repo": "dwl",
        "rev": "216a7fc25a97979bbde25bbb50d2f84751e9d244",
        "type": "github"
      },
      "original": {
        "owner": "minego",
        "ref": "master",
        "repo": "dwl",
        "type": "github"
      }
    },
    "nixpkgs": {
      "locked": {
        "lastModified": 1700390070,
        "narHash": "sha256-de9KYi8rSJpqvBfNwscWdalIJXPo8NjdIZcEJum1mH0=",
        "owner": "NixOS",
        "repo": "nixpkgs",
        "rev": "e4ad989506ec7d71f7302cc3067abd82730a4beb",
        "type": "github"
      },
      "original": {
        "owner": "NixOS",
        "ref": "nixos-unstable",
        "repo": "nixpkgs",
        "type": "github"
      }
    },
    "root": {
      "inputs": {
        "dwl-source": "dwl-source",
        "nixpkgs": "nixpkgs"
      }
    }
  },
  "root": "root",
  "version": 7
}
